
Microsoft Visual Studio Solution File, Format Version 12.00
# Visual Studio Version 17
VisualStudioVersion = 17.9.34723.18
MinimumVisualStudioVersion = 10.0.40219.1
Project("{888888A0-9F3D-457C-B088-3A5042F75D52}") = "script.py", "script.py.pyproj", "{AE1C97EA-A315-472D-B27F-DDB2733E0BFE}"
EndProject
Global
	GlobalSection(SolutionConfigurationPlatforms) = preSolution
		Debug|Any CPU = Debug|Any CPU
		Release|Any CPU = Release|Any CPU
	EndGlobalSection
	GlobalSection(ProjectConfigurationPlatforms) = postSolution
		{AE1C97EA-A315-472D-B27F-DDB2733E0BFE}.Debug|Any CPU.ActiveCfg = Debug|Any CPU
		{AE1C97EA-A315-472D-B27F-DDB2733E0BFE}.Release|Any CPU.ActiveCfg = Release|Any CPU
	EndGlobalSection
	GlobalSection(SolutionProperties) = preSolution
		HideSolutionNode = FALSE
	EndGlobalSection
	GlobalSection(ExtensibilityGlobals) = postSolution
		SolutionGuid = {D274432C-C11F-40AF-8060-51DC791DD564}
	EndGlobalSection
EndGlobal
