
Microsoft Visual Studio Solution File, Format Version 12.00
# Visual Studio Version 17
VisualStudioVersion = 17.9.34723.18
MinimumVisualStudioVersion = 10.0.40219.1
Project("{888888A0-9F3D-457C-B088-3A5042F75D52}") = "22", "22.pyproj", "{BF14547A-9F7D-4259-A277-C23B7914D46B}"
EndProject
Global
	GlobalSection(SolutionConfigurationPlatforms) = preSolution
		Debug|Any CPU = Debug|Any CPU
		Release|Any CPU = Release|Any CPU
	EndGlobalSection
	GlobalSection(ProjectConfigurationPlatforms) = postSolution
		{BF14547A-9F7D-4259-A277-C23B7914D46B}.Debug|Any CPU.ActiveCfg = Debug|Any CPU
		{BF14547A-9F7D-4259-A277-C23B7914D46B}.Release|Any CPU.ActiveCfg = Release|Any CPU
	EndGlobalSection
	GlobalSection(SolutionProperties) = preSolution
		HideSolutionNode = FALSE
	EndGlobalSection
	GlobalSection(ExtensibilityGlobals) = postSolution
		SolutionGuid = {709B2D7E-D6BF-4049-AFBA-128393E3455F}
	EndGlobalSection
EndGlobal
